{
	"name": "@pipcook/plugin-api",
	"version": "0.5.0",
	"lockfileVersion": 1,
	"requires": true,
	"dependencies": {
		"@types/fs-extra": {
			"version": "8.1.0",
			"resolved": "https://registry.npm.alibaba-inc.com/@types/fs-extra/download/@types/fs-extra-8.1.0.tgz",
			"integrity": "sha1-ERSDS1PDkUgGzQOzMEs3s70iGk0=",
			"requires": {
				"@types/node": "*"
			}
		},
		"@types/node": {
			"version": "13.11.1",
			"resolved": "https://registry.npm.alibaba-inc.com/@types/node/download/@types/node-13.11.1.tgz",
			"integrity": "sha1-SaKoPfnSbarOrTDQzMh2KxKNU8c="
		},
		"at-least-node": {
			"version": "1.0.0",
			"resolved": "https://registry.npm.alibaba-inc.com/at-least-node/download/at-least-node-1.0.0.tgz",
			"integrity": "sha1-YCzUtG6EStTv/JKoARo8RuAjjcI="
		},
		"fs-extra": {
			"version": "9.0.0",
			"resolved": "https://registry.npm.alibaba-inc.com/fs-extra/download/fs-extra-9.0.0.tgz",
			"integrity": "sha1-tq/DEDbiR7JGbcmcKa55fV1FgKM=",
			"requires": {
				"at-least-node": "^1.0.0",
				"graceful-fs": "^4.2.0",
				"jsonfile": "^6.0.1",
				"universalify": "^1.0.0"
			}
		},
		"graceful-fs": {
			"version": "4.2.3",
			"resolved": "https://registry.npm.alibaba-inc.com/graceful-fs/download/graceful-fs-4.2.3.tgz",
			"integrity": "sha1-ShL/G2A3bvCYYsIJPt2Qgyi+hCM="
		},
		"jsonfile": {
			"version": "6.0.1",
			"resolved": "https://registry.npm.alibaba-inc.com/jsonfile/download/jsonfile-6.0.1.tgz",
			"integrity": "sha1-mJZsuiFDeMjIS4LghZB7QL9hQXk=",
			"requires": {
				"graceful-fs": "^4.1.6",
				"universalify": "^1.0.0"
			}
		},
		"universalify": {
			"version": "1.0.0",
			"resolved": "https://registry.npm.alibaba-inc.com/universalify/download/universalify-1.0.0.tgz",
			"integrity": "sha1-thodoXPoQ1sv48Z9Kbmt+FlL0W0="
		}
	}
}
