{
	"name": "@pipcook/pipcook-plugins-pascolvoc-data-process",
	"version": "0.5.0",
	"lockfileVersion": 1,
	"requires": true,
	"dependencies": {
		"cli-progress": {
			"version": "3.6.0",
			"resolved": "https://registry.npm.taobao.org/cli-progress/download/cli-progress-3.6.0.tgz",
			"integrity": "sha1-IDF+amU8PlY2+18Dp9Z81I68IVo=",
			"requires": {
				"colors": "^1.1.2",
				"string-width": "^2.1.1"
			},
			"dependencies": {
				"ansi-regex": {
					"version": "3.0.0",
					"resolved": "https://registry.npm.taobao.org/ansi-regex/download/ansi-regex-3.0.0.tgz",
					"integrity": "sha1-7QMXwyIGT3lGbAKWa922Bas32Zg="
				},
				"colors": {
					"version": "1.4.0",
					"resolved": "https://registry.npm.taobao.org/colors/download/colors-1.4.0.tgz",
					"integrity": "sha1-xQSRR51MG9rtLJztMs98fcI2D3g="
				},
				"is-fullwidth-code-point": {
					"version": "2.0.0",
					"resolved": "https://registry.npm.taobao.org/is-fullwidth-code-point/download/is-fullwidth-code-point-2.0.0.tgz",
					"integrity": "sha1-o7MKXE8ZkYMWeqq5O+764937ZU8="
				},
				"string-width": {
					"version": "2.1.1",
					"resolved": "https://registry.npm.taobao.org/string-width/download/string-width-2.1.1.tgz",
					"integrity": "sha1-q5Pyeo3BPSjKyBXEYhQ6bZASrp4=",
					"requires": {
						"is-fullwidth-code-point": "^2.0.0",
						"strip-ansi": "^4.0.0"
					}
				},
				"strip-ansi": {
					"version": "4.0.0",
					"resolved": "https://registry.npm.taobao.org/strip-ansi/download/strip-ansi-4.0.0.tgz?cache=0&sync_timestamp=1573280518303&other_urls=https%3A%2F%2Fregistry.npm.taobao.org%2Fstrip-ansi%2Fdownload%2Fstrip-ansi-4.0.0.tgz",
					"integrity": "sha1-qEeQIusaw2iocTibY1JixQXuNo8=",
					"requires": {
						"ansi-regex": "^3.0.0"
					}
				}
			}
		}
	}
}
