{
	"name": "@pipcook/plugins-tensorflow-resnet-model-define",
	"version": "1.0.6-alpha.2",
	"lockfileVersion": 1,
	"requires": true,
	"dependencies": {
		"@types/jasmine": {
			"version": "3.5.10",
			"resolved": "https://registry.npmjs.org/@types/jasmine/-/jasmine-3.5.10.tgz",
			"integrity": "sha512-3F8qpwBAiVc5+HPJeXJpbrl+XjawGmciN5LgiO7Gv1pl1RHtjoMNqZpqEksaPJW05ViKe8snYInRs6xB25Xdew==",
			"dev": true
		}
	}
}
