{
	"name": "@pipcook/sdk",
	"version": "1.2.0-rc1",
	"lockfileVersion": 1,
	"requires": true,
	"dependencies": {
		"@types/fs-extra": {
			"version": "9.0.1",
			"resolved": "https://registry.npmjs.org/@types/fs-extra/-/fs-extra-9.0.1.tgz",
			"integrity": "sha512-B42Sxuaz09MhC3DDeW5kubRcQ5by4iuVQ0cRRWM2lggLzAa/KVom0Aft/208NgMvNQQZ86s5rVcqDdn/SH0/mg==",
			"dev": true,
			"requires": {
				"@types/node": "*"
			},
			"dependencies": {
				"@types/node": {
					"version": "14.0.20",
					"resolved": "https://registry.npmjs.org/@types/node/-/node-14.0.20.tgz",
					"integrity": "sha512-MRn/NP3dee8yL5QhbSA6riuwkS+UOcsPUMOIOG3KMUQpuor/2TopdRBu8QaaB4fGU+gz/bzyDWt0FtUbeJ8H1A==",
					"dev": true
				}
			}
		},
		"typescript": {
			"version": "3.9.7",
			"resolved": "https://registry.npmjs.org/typescript/-/typescript-3.9.7.tgz",
			"integrity": "sha512-BLbiRkiBzAwsjut4x/dsibSTB6yWpwT5qWmC2OfuCg3GgVQCSgMs4vEctYPhsaGtd0AeuuHMkjZ2h2WG8MSzRw==",
			"dev": true
		}
	}
}
