{
	"name": "@pipcook/pipcook-plugins-bayesian-classifier-model-train",
	"version": "0.2.1",
	"lockfileVersion": 1,
	"requires": true,
	"dependencies": {
		"cli-progress": {
			"version": "3.4.0",
			"resolved": "https://registry.npmjs.org/cli-progress/-/cli-progress-3.4.0.tgz",
			"integrity": "sha512-35zcc1FsbPfN2dVonxUQwEnqMnI5kDFx2G4qGFGWgIDYqZ6+3t4/GjX/Vk0tq6bNgI9dEFcWLJ6AaLN17NLBDA==",
			"requires": {
				"colors": "^1.1.2",
				"string-width": "^2.1.1"
			},
			"dependencies": {
				"ansi-regex": {
					"version": "3.0.0",
					"resolved": "https://registry.npmjs.org/ansi-regex/-/ansi-regex-3.0.0.tgz",
					"integrity": "sha1-7QMXwyIGT3lGbAKWa922Bas32Zg="
				},
				"colors": {
					"version": "1.4.0",
					"resolved": "https://registry.npmjs.org/colors/-/colors-1.4.0.tgz",
					"integrity": "sha512-a+UqTh4kgZg/SlGvfbzDHpgRu7AAQOmmqRHJnxhRZICKFUT91brVhNNt58CMWU9PsBbv3PDCZUHbVxuDiH2mtA=="
				},
				"is-fullwidth-code-point": {
					"version": "2.0.0",
					"resolved": "https://registry.npmjs.org/is-fullwidth-code-point/-/is-fullwidth-code-point-2.0.0.tgz",
					"integrity": "sha1-o7MKXE8ZkYMWeqq5O+764937ZU8="
				},
				"string-width": {
					"version": "2.1.1",
					"resolved": "https://registry.npmjs.org/string-width/-/string-width-2.1.1.tgz",
					"integrity": "sha512-nOqH59deCq9SRHlxq1Aw85Jnt4w6KvLKqWVik6oA9ZklXLNIOlqg4F2yrT1MVaTjAqvVwdfeZ7w7aCvJD7ugkw==",
					"requires": {
						"is-fullwidth-code-point": "^2.0.0",
						"strip-ansi": "^4.0.0"
					}
				},
				"strip-ansi": {
					"version": "4.0.0",
					"resolved": "https://registry.npmjs.org/strip-ansi/-/strip-ansi-4.0.0.tgz",
					"integrity": "sha1-qEeQIusaw2iocTibY1JixQXuNo8=",
					"requires": {
						"ansi-regex": "^3.0.0"
					}
				}
			}
		}
	}
}
