{
	"name": "@pipcook/plugins-image-classification-data-collect",
	"version": "0.5.0",
	"lockfileVersion": 1,
	"requires": true,
	"dependencies": {
		"@types/uuid": {
			"version": "7.0.2",
			"resolved": "https://registry.npmjs.org/@types/uuid/-/uuid-7.0.2.tgz",
			"integrity": "sha512-8Ly3zIPTnT0/8RCU6Kg/G3uTICf9sRwYOpUzSIM3503tLIKcnJPRuinHhXngJUy2MntrEf6dlpOHXJju90Qh5w==",
			"dev": true
		}
	}
}
