{
	"name": "@pipcook/plugins-image-classification-data-collect",
	"version": "1.0.6-alpha.0",
	"lockfileVersion": 1,
	"requires": true,
	"dependencies": {
		"@types/jasmine": {
			"version": "3.5.10",
			"resolved": "https://registry.npm.alibaba-inc.com/@types/jasmine/download/@types/jasmine-3.5.10.tgz",
			"integrity": "sha1-oaQQEgErXanUsgW6nrpY9sziq3s=",
			"dev": true
		},
		"@types/uuid": {
			"version": "7.0.2",
			"resolved": "https://registry.npmjs.org/@types/uuid/-/uuid-7.0.2.tgz",
			"integrity": "sha512-8Ly3zIPTnT0/8RCU6Kg/G3uTICf9sRwYOpUzSIM3503tLIKcnJPRuinHhXngJUy2MntrEf6dlpOHXJju90Qh5w==",
			"dev": true
		}
	}
}
