{
	"name": "@pipcook/plugins-tensorflow-image-classification-process",
	"version": "1.0.5",
	"lockfileVersion": 1,
	"requires": true,
	"dependencies": {
		"@types/jasmine": {
			"version": "3.5.12",
			"resolved": "https://registry.npmjs.org/@types/jasmine/-/jasmine-3.5.12.tgz",
			"integrity": "sha512-vJaQ58oceFao+NzpKNqLOWwHPsqA7YEhKv+mOXvYU4/qh+BfVWIxaBtL0Ck5iCS67yOkNwGkDCrzepnzIWF+7g==",
			"dev": true
		}
	}
}
