{
	"name": "@pipcook/pipcook-core",
	"version": "1.0.6-beta.1",
	"lockfileVersion": 1,
	"requires": true,
	"dependencies": {
		"@types/fs-extra": {
			"version": "8.1.0",
			"resolved": "https://registry.npm.alibaba-inc.com/@types/fs-extra/download/@types/fs-extra-8.1.0.tgz",
			"integrity": "sha1-ERSDS1PDkUgGzQOzMEs3s70iGk0=",
			"dev": true,
			"requires": {
				"@types/node": "*"
			}
		},
		"@types/jasmine": {
			"version": "3.5.10",
			"resolved": "https://registry.npm.alibaba-inc.com/@types/jasmine/download/@types/jasmine-3.5.10.tgz",
			"integrity": "sha1-oaQQEgErXanUsgW6nrpY9sziq3s=",
			"dev": true
		},
		"@types/node": {
			"version": "13.11.0",
			"resolved": "https://registry.npm.alibaba-inc.com/@types/node/download/@types/node-13.11.0.tgz",
			"integrity": "sha1-OQ6iAlOcYcj6a6RCi1fgW8NtxHs=",
			"dev": true
		}
	}
}
