{
	"name": "@pipcook/pipcook-core",
	"version": "1.1.2",
	"lockfileVersion": 1,
	"requires": true,
	"dependencies": {
		"@types/fs-extra": {
			"version": "8.1.1",
			"resolved": "https://registry.npmjs.org/@types/fs-extra/-/fs-extra-8.1.1.tgz",
			"integrity": "sha512-TcUlBem321DFQzBNuz8p0CLLKp0VvF/XH9E4KHNmgwyp4E3AfgI5cjiIVZWlbfThBop2qxFIh4+LeY6hVWWZ2w==",
			"dev": true,
			"requires": {
				"@types/node": "*"
			},
			"dependencies": {
				"@types/node": {
					"version": "14.6.2",
					"resolved": "https://registry.npmjs.org/@types/node/-/node-14.6.2.tgz",
					"integrity": "sha512-onlIwbaeqvZyniGPfdw/TEhKIh79pz66L1q06WUQqJLnAb6wbjvOtepLYTGHTqzdXgBYIE3ZdmqHDGsRsbBz7A==",
					"dev": true
				}
			}
		},
		"@types/jasmine": {
			"version": "3.5.10",
			"resolved": "https://registry.npm.alibaba-inc.com/@types/jasmine/download/@types/jasmine-3.5.10.tgz",
			"integrity": "sha1-oaQQEgErXanUsgW6nrpY9sziq3s=",
			"dev": true
		}
	}
}
