{
	"name": "@pipcook/costa",
	"version": "0.7.0",
	"lockfileVersion": 1,
	"requires": true,
	"dependencies": {
		"@types/fs-extra": {
			"version": "8.1.0",
			"resolved": "https://registry.npm.alibaba-inc.com/@types/fs-extra/download/@types/fs-extra-8.1.0.tgz",
			"integrity": "sha1-ERSDS1PDkUgGzQOzMEs3s70iGk0=",
			"dev": true,
			"requires": {
				"@types/node": "*"
			},
			"dependencies": {
				"@types/node": {
					"version": "13.13.4",
					"resolved": "https://registry.npm.alibaba-inc.com/@types/node/download/@types/node-13.13.4.tgz",
					"integrity": "sha1-FYHWwW49SAPrB5yH1KyJPudQHCw=",
					"dev": true
				}
			}
		},
		"@types/jasmine": {
			"version": "3.5.10",
			"resolved": "https://registry.npm.alibaba-inc.com/@types/jasmine/download/@types/jasmine-3.5.10.tgz",
			"integrity": "sha1-oaQQEgErXanUsgW6nrpY9sziq3s=",
			"dev": true
		},
		"uuid": {
			"version": "3.4.0",
			"resolved": "https://registry.npm.alibaba-inc.com/uuid/download/uuid-3.4.0.tgz",
			"integrity": "sha1-sj5DWK+oogL+ehAK8fX4g/AgB+4="
		}
	}
}
