{
	"name": "@pipcook/plugins-image-classification-tensorflow-model-train",
	"version": "0.5.9",
	"lockfileVersion": 1,
	"requires": true,
	"dependencies": {
		"@types/fs-extra": {
			"version": "8.1.1",
			"resolved": "https://registry.npmjs.org/@types/fs-extra/-/fs-extra-8.1.1.tgz",
			"integrity": "sha512-TcUlBem321DFQzBNuz8p0CLLKp0VvF/XH9E4KHNmgwyp4E3AfgI5cjiIVZWlbfThBop2qxFIh4+LeY6hVWWZ2w==",
			"requires": {
				"@types/node": "*"
			},
			"dependencies": {
				"@types/node": {
					"version": "14.0.5",
					"resolved": "https://registry.npmjs.org/@types/node/-/node-14.0.5.tgz",
					"integrity": "sha512-90hiq6/VqtQgX8Sp0EzeIsv3r+ellbGj4URKj5j30tLlZvRUpnAe9YbYnjl3pJM93GyXU0tghHhvXHq+5rnCKA=="
				}
			}
		},
		"@types/jasmine": {
			"version": "3.5.10",
			"resolved": "https://registry.npmjs.org/@types/jasmine/-/jasmine-3.5.10.tgz",
			"integrity": "sha512-3F8qpwBAiVc5+HPJeXJpbrl+XjawGmciN5LgiO7Gv1pl1RHtjoMNqZpqEksaPJW05ViKe8snYInRs6xB25Xdew==",
			"dev": true
		}
	}
}
