{
	"name": "@pipcook/pipcook-plugins-image-class-data-collect",
	"version": "0.5.4",
	"lockfileVersion": 1,
	"requires": true,
	"dependencies": {
		"uuid": {
			"version": "7.0.2",
			"resolved": "https://registry.npm.taobao.org/uuid/download/uuid-7.0.2.tgz?cache=0&sync_timestamp=1583326207173&other_urls=https%3A%2F%2Fregistry.npm.taobao.org%2Fuuid%2Fdownload%2Fuuid-7.0.2.tgz",
			"integrity": "sha1-f/XCA0Z+kfXg2Fz8uq99LrvKm+Y="
		}
	}
}
