{
	"name": "@pipcook/pipcook-cli",
	"version": "0.5.29",
	"lockfileVersion": 1,
	"requires": true,
	"dependencies": {
		"@types/eventsource": {
			"version": "1.1.2",
			"resolved": "https://registry.npmjs.org/@types/eventsource/-/eventsource-1.1.2.tgz",
			"integrity": "sha512-4AKWJ6tvEU4fk0770oAK4Z0lQUuSnc5ljHTcYZhQtdP7XMDKKvegGUC6xGD8+4+F+svZKAzlxbKnuGWfgMtgVA=="
		},
		"@types/jasmine": {
			"version": "3.5.10",
			"resolved": "https://registry.npm.alibaba-inc.com/@types/jasmine/download/@types/jasmine-3.5.10.tgz",
			"integrity": "sha1-oaQQEgErXanUsgW6nrpY9sziq3s=",
			"dev": true
		},
		"eventsource": {
			"version": "1.0.7",
			"resolved": "https://registry.npmjs.org/eventsource/-/eventsource-1.0.7.tgz",
			"integrity": "sha512-4Ln17+vVT0k8aWq+t/bF5arcS3EpT9gYtW66EPacdj/mAFevznsnyoHLPy2BA8gbIQeIHoPsvwmfBftfcG//BQ==",
			"requires": {
				"original": "^1.0.0"
			}
		},
		"original": {
			"version": "1.0.2",
			"resolved": "https://registry.npmjs.org/original/-/original-1.0.2.tgz",
			"integrity": "sha512-hyBVl6iqqUOJ8FqRe+l/gS8H+kKYjrEndd5Pm1MfBtsEKA038HkkdbAl/72EAXGyonD/PFsvmVG+EvcIpliMBg==",
			"requires": {
				"url-parse": "^1.4.3"
			}
		},
		"querystringify": {
			"version": "2.1.1",
			"resolved": "https://registry.npmjs.org/querystringify/-/querystringify-2.1.1.tgz",
			"integrity": "sha512-w7fLxIRCRT7U8Qu53jQnJyPkYZIaR4n5151KMfcJlO/A9397Wxb1amJvROTK6TOnp7PfoAmg/qXiNHI+08jRfA=="
		},
		"requires-port": {
			"version": "1.0.0",
			"resolved": "https://registry.npmjs.org/requires-port/-/requires-port-1.0.0.tgz",
			"integrity": "sha1-kl0mAdOaxIXgkc8NpcbmlNw9yv8="
		},
		"ts-node": {
			"version": "8.10.1",
			"resolved": "https://registry.npmjs.org/ts-node/-/ts-node-8.10.1.tgz",
			"integrity": "sha512-bdNz1L4ekHiJul6SHtZWs1ujEKERJnHs4HxN7rjTyyVOFf3HaJ6sLqe6aPG62XTzAB/63pKRh5jTSWL0D7bsvw==",
			"requires": {
				"arg": "^4.1.0",
				"diff": "^4.0.1",
				"make-error": "^1.1.1",
				"source-map-support": "^0.5.17",
				"yn": "3.1.1"
			},
			"dependencies": {
				"arg": {
					"version": "4.1.3",
					"resolved": "https://registry.npmjs.org/arg/-/arg-4.1.3.tgz",
					"integrity": "sha512-58S9QDqG0Xx27YwPSt9fJxivjYl432YCwfDMfZ+71RAqUrZef7LrKQZ3LHLOwCS4FLNBplP533Zx895SeOCHvA=="
				},
				"buffer-from": {
					"version": "1.1.1",
					"resolved": "https://registry.npmjs.org/buffer-from/-/buffer-from-1.1.1.tgz",
					"integrity": "sha512-MQcXEUbCKtEo7bhqEs6560Hyd4XaovZlO/k9V3hjVUF/zwW7KBVdSK4gIt/bzwS9MbR5qob+F5jusZsb0YQK2A=="
				},
				"diff": {
					"version": "4.0.2",
					"resolved": "https://registry.npmjs.org/diff/-/diff-4.0.2.tgz",
					"integrity": "sha512-58lmxKSA4BNyLz+HHMUzlOEpg09FV+ev6ZMe3vJihgdxzgcwZ8VoEEPmALCZG9LmqfVoNMMKpttIYTVG6uDY7A=="
				},
				"make-error": {
					"version": "1.3.6",
					"resolved": "https://registry.npmjs.org/make-error/-/make-error-1.3.6.tgz",
					"integrity": "sha512-s8UhlNe7vPKomQhC1qFelMokr/Sc3AgNbso3n74mVPA5LTZwkB9NlXf4XPamLxJE8h0gh73rM94xvwRT2CVInw=="
				},
				"source-map": {
					"version": "0.6.1",
					"resolved": "https://registry.npmjs.org/source-map/-/source-map-0.6.1.tgz",
					"integrity": "sha512-UjgapumWlbMhkBgzT7Ykc5YXUT46F0iKu8SGXq0bcwP5dz/h0Plj6enJqjz1Zbq2l5WaqYnrVbwWOWMyF3F47g=="
				},
				"source-map-support": {
					"version": "0.5.19",
					"resolved": "https://registry.npmjs.org/source-map-support/-/source-map-support-0.5.19.tgz",
					"integrity": "sha512-Wonm7zOCIJzBGQdB+thsPar0kYuCIzYvxZwlBa87yi/Mdjv7Tip2cyVbLj5o0cFPN4EVkuTwb3GDDyUx2DGnGw==",
					"requires": {
						"buffer-from": "^1.0.0",
						"source-map": "^0.6.0"
					}
				},
				"yn": {
					"version": "3.1.1",
					"resolved": "https://registry.npmjs.org/yn/-/yn-3.1.1.tgz",
					"integrity": "sha512-Ux4ygGWsu2c7isFWe8Yu1YluJmqVhxqK2cLXNQA5AcC3QfbGNpM7fu0Y8b/z16pXLnFxZYvWhd3fhBY9DLmC6Q=="
				}
			}
		},
		"url-parse": {
			"version": "1.4.7",
			"resolved": "https://registry.npmjs.org/url-parse/-/url-parse-1.4.7.tgz",
			"integrity": "sha512-d3uaVyzDB9tQoSXFvuSUNFibTd9zxd2bkVrDRvF5TmvWWQwqE4lgYJ5m+x1DbecWkw+LK4RNl2CU1hHuOKPVlg==",
			"requires": {
				"querystringify": "^2.1.1",
				"requires-port": "^1.0.0"
			}
		}
	}
}
