{
	"name": "@pipcook/pipcook-cli",
	"version": "0.5.27",
	"lockfileVersion": 1,
	"requires": true,
	"dependencies": {
		"@types/command-exists": {
			"version": "1.2.0",
			"resolved": "https://registry.npmjs.org/@types/command-exists/-/command-exists-1.2.0.tgz",
			"integrity": "sha512-ugsxEJfsCuqMLSuCD4PIJkp5Uk2z6TCMRCgYVuhRo5cYQY3+1xXTQkSlPtkpGHuvWMjS2KTeVQXxkXRACMbM6A=="
		},
		"@types/inquirer": {
			"version": "6.5.0",
			"resolved": "https://registry.npmjs.org/@types/inquirer/-/inquirer-6.5.0.tgz",
			"integrity": "sha512-rjaYQ9b9y/VFGOpqBEXRavc3jh0a+e6evAbI31tMda8VlPaSy0AZJfXsvmIe3wklc7W6C3zCSfleuMXR7NOyXw==",
			"requires": {
				"@types/through": "*",
				"rxjs": "^6.4.0"
			}
		},
		"@types/jasmine": {
			"version": "3.5.10",
			"resolved": "https://registry.npm.alibaba-inc.com/@types/jasmine/download/@types/jasmine-3.5.10.tgz",
			"integrity": "sha1-oaQQEgErXanUsgW6nrpY9sziq3s=",
			"dev": true
		},
		"@types/node": {
			"version": "13.13.2",
			"resolved": "https://registry.npmjs.org/@types/node/-/node-13.13.2.tgz",
			"integrity": "sha512-LB2R1Oyhpg8gu4SON/mfforE525+Hi/M1ineICEDftqNVTyFg1aRIeGuTvXAoWHc4nbrFncWtJgMmoyRvuGh7A=="
		},
		"@types/through": {
			"version": "0.0.30",
			"resolved": "https://registry.npmjs.org/@types/through/-/through-0.0.30.tgz",
			"integrity": "sha512-FvnCJljyxhPM3gkRgWmxmDZyAQSiBQQWLI0A0VFL0K7W1oRUrPJSqNO0NvTnLkBcotdlp3lKvaT0JrnyRDkzOg==",
			"requires": {
				"@types/node": "*"
			}
		},
		"rxjs": {
			"version": "6.5.5",
			"resolved": "https://registry.npmjs.org/rxjs/-/rxjs-6.5.5.tgz",
			"integrity": "sha512-WfQI+1gohdf0Dai/Bbmk5L5ItH5tYqm3ki2c5GdWhKjalzjg93N3avFjVStyZZz+A2Em+ZxKH5bNghw9UeylGQ==",
			"requires": {
				"tslib": "^1.9.0"
			}
		},
		"tslib": {
			"version": "1.11.1",
			"resolved": "https://registry.npmjs.org/tslib/-/tslib-1.11.1.tgz",
			"integrity": "sha512-aZW88SY8kQbU7gpV19lN24LtXh/yD4ZZg6qieAJDDg+YBsJcSmLGK9QpnUjAKVG/xefmvJGd1WUmfpT/g6AJGA=="
		}
	}
}
