{
	"name": "@pipcook/plugins-csv-data-collect",
	"version": "0.5.0",
	"lockfileVersion": 1,
	"requires": true,
	"dependencies": {
		"uuid": {
			"version": "7.0.2",
			"resolved": "https://registry.npmjs.org/uuid/-/uuid-7.0.2.tgz",
			"integrity": "sha512-vy9V/+pKG+5ZTYKf+VcphF5Oc6EFiu3W8Nv3P3zIh0EqVI80ZxOzuPfe9EHjkFNvf8+xuTHVeei4Drydlx4zjw=="
		}
	}
}
