{
	"name": "@pipcook/plugins-image-data-process",
	"version": "0.5.0",
	"lockfileVersion": 1,
	"requires": true,
	"dependencies": {
		"cli-progress": {
			"version": "3.6.0",
			"resolved": "https://registry.npm.taobao.org/cli-progress/download/cli-progress-3.6.0.tgz",
			"integrity": "sha1-IDF+amU8PlY2+18Dp9Z81I68IVo=",
			"requires": {
				"colors": "^1.1.2",
				"string-width": "^2.1.1"
			},
			"dependencies": {
				"ansi-regex": {
					"version": "3.0.0",
					"resolved": "https://registry.npm.taobao.org/ansi-regex/download/ansi-regex-3.0.0.tgz",
					"integrity": "sha1-7QMXwyIGT3lGbAKWa922Bas32Zg="
				},
				"colors": {
					"version": "1.4.0",
					"resolved": "https://registry.npm.taobao.org/colors/download/colors-1.4.0.tgz",
					"integrity": "sha1-xQSRR51MG9rtLJztMs98fcI2D3g="
				},
				"is-fullwidth-code-point": {
					"version": "2.0.0",
					"resolved": "https://registry.npm.taobao.org/is-fullwidth-code-point/download/is-fullwidth-code-point-2.0.0.tgz",
					"integrity": "sha1-o7MKXE8ZkYMWeqq5O+764937ZU8="
				},
				"string-width": {
					"version": "2.1.1",
					"resolved": "https://registry.npm.taobao.org/string-width/download/string-width-2.1.1.tgz",
					"integrity": "sha1-q5Pyeo3BPSjKyBXEYhQ6bZASrp4=",
					"requires": {
						"is-fullwidth-code-point": "^2.0.0",
						"strip-ansi": "^4.0.0"
					}
				},
				"strip-ansi": {
					"version": "4.0.0",
					"resolved": "https://registry.npm.taobao.org/strip-ansi/download/strip-ansi-4.0.0.tgz?cache=0&sync_timestamp=1573280518303&other_urls=https%3A%2F%2Fregistry.npm.taobao.org%2Fstrip-ansi%2Fdownload%2Fstrip-ansi-4.0.0.tgz",
					"integrity": "sha1-qEeQIusaw2iocTibY1JixQXuNo8=",
					"requires": {
						"ansi-regex": "^3.0.0"
					}
				}
			}
		},
		"jimp": {
			"version": "0.9.6",
			"resolved": "https://registry.npmjs.org/jimp/-/jimp-0.9.6.tgz",
			"integrity": "sha512-DBDHYeNVqVpoPkcvo0PKTNGvD+i7NYvkKTsl0I3k7ql36uN8wGTptRg0HtgQyYE/bhGSLI6Lq5qLwewaOPXNfg==",
			"requires": {
				"@babel/runtime": "^7.7.2",
				"@jimp/custom": "^0.9.6",
				"@jimp/plugins": "^0.9.6",
				"@jimp/types": "^0.9.6",
				"core-js": "^3.4.1",
				"regenerator-runtime": "^0.13.3"
			},
			"dependencies": {
				"@babel/runtime": {
					"version": "7.9.2",
					"resolved": "https://registry.npmjs.org/@babel/runtime/-/runtime-7.9.2.tgz",
					"integrity": "sha512-NE2DtOdufG7R5vnfQUTehdTfNycfUANEtCa9PssN9O/xmTzP4E08UI797ixaei6hBEVL9BI/PsdJS5x7mWoB9Q==",
					"requires": {
						"regenerator-runtime": "^0.13.4"
					}
				},
				"@jimp/bmp": {
					"version": "0.9.6",
					"resolved": "https://registry.npmjs.org/@jimp/bmp/-/bmp-0.9.6.tgz",
					"integrity": "sha512-T2Fh/k/eN6cDyOx0KQ4y56FMLo8+mKNhBh7GXMQXLK2NNZ0ckpFo3VHDBZ3HnaFeVTZXF/atLiR9CfnXH+rLxA==",
					"requires": {
						"@babel/runtime": "^7.7.2",
						"@jimp/utils": "^0.9.6",
						"bmp-js": "^0.1.0",
						"core-js": "^3.4.1"
					}
				},
				"@jimp/core": {
					"version": "0.9.6",
					"resolved": "https://registry.npmjs.org/@jimp/core/-/core-0.9.6.tgz",
					"integrity": "sha512-sQO04S+HZNid68a9ehb4BC2lmW6iZ5JgU9tC+thC2Lhix+N/XKDJcBJ6HevbLgeTzuIAw24C5EKuUeO3C+rE5w==",
					"requires": {
						"@babel/runtime": "^7.7.2",
						"@jimp/utils": "^0.9.6",
						"any-base": "^1.1.0",
						"buffer": "^5.2.0",
						"core-js": "^3.4.1",
						"exif-parser": "^0.1.12",
						"file-type": "^9.0.0",
						"load-bmfont": "^1.3.1",
						"mkdirp": "^0.5.1",
						"phin": "^2.9.1",
						"pixelmatch": "^4.0.2",
						"tinycolor2": "^1.4.1"
					}
				},
				"@jimp/custom": {
					"version": "0.9.6",
					"resolved": "https://registry.npmjs.org/@jimp/custom/-/custom-0.9.6.tgz",
					"integrity": "sha512-ZYKgrBZVoQwvIGlQSO7MFmn7Jn8a9X5g1g+KOTDO9Q0s4vnxdPTtr/qUjG9QYX6zW/6AK4LaIsDinDrrKDnOag==",
					"requires": {
						"@babel/runtime": "^7.7.2",
						"@jimp/core": "^0.9.6",
						"core-js": "^3.4.1"
					}
				},
				"@jimp/gif": {
					"version": "0.9.6",
					"resolved": "https://registry.npmjs.org/@jimp/gif/-/gif-0.9.6.tgz",
					"integrity": "sha512-Z2muC2On8KHEVrWKCCM0L2eua9kw4bQETzT7gmVsizc8MXAKdS8AyVV9T3ZrImiI0o5UkAN/u0cPi1U2pSiD8Q==",
					"requires": {
						"@babel/runtime": "^7.7.2",
						"@jimp/utils": "^0.9.6",
						"core-js": "^3.4.1",
						"omggif": "^1.0.9"
					}
				},
				"@jimp/jpeg": {
					"version": "0.9.6",
					"resolved": "https://registry.npmjs.org/@jimp/jpeg/-/jpeg-0.9.6.tgz",
					"integrity": "sha512-igSe0pIX3le/CKdvqW4vLXMxoFjTLjEaW6ZHt/h63OegaEa61TzJ2OM7j7DxrEHcMCMlkhUc9Bapk57MAefCTQ==",
					"requires": {
						"@babel/runtime": "^7.7.2",
						"@jimp/utils": "^0.9.6",
						"core-js": "^3.4.1",
						"jpeg-js": "^0.3.4"
					}
				},
				"@jimp/plugin-blit": {
					"version": "0.9.6",
					"resolved": "https://registry.npmjs.org/@jimp/plugin-blit/-/plugin-blit-0.9.6.tgz",
					"integrity": "sha512-zp7X6uDU1lCu44RaSY88aAvsSKbgqUrfDyWRX1wsamJvvZpRnp1WekWlGyydRtnlUBAGIpiHCHmyh/TJ2I4RWA==",
					"requires": {
						"@babel/runtime": "^7.7.2",
						"@jimp/utils": "^0.9.6",
						"core-js": "^3.4.1"
					}
				},
				"@jimp/plugin-blur": {
					"version": "0.9.6",
					"resolved": "https://registry.npmjs.org/@jimp/plugin-blur/-/plugin-blur-0.9.6.tgz",
					"integrity": "sha512-xEi63hvzewUp7kzw+PI3f9CIrgZbphLI4TDDHWNYuS70RvhTuplbR6RMHD/zFhosrANCkJGr5OZJlrJnsCg6ug==",
					"requires": {
						"@babel/runtime": "^7.7.2",
						"@jimp/utils": "^0.9.6",
						"core-js": "^3.4.1"
					}
				},
				"@jimp/plugin-color": {
					"version": "0.9.6",
					"resolved": "https://registry.npmjs.org/@jimp/plugin-color/-/plugin-color-0.9.6.tgz",
					"integrity": "sha512-o1HSoqBVUUAsWbqSXnpiHU0atKWy/Q1GUbZ3F5GWt/0OSDyl9RWM82V9axT2vePZHInKjIaimhnx1gGj8bfxkQ==",
					"requires": {
						"@babel/runtime": "^7.7.2",
						"@jimp/utils": "^0.9.6",
						"core-js": "^3.4.1",
						"tinycolor2": "^1.4.1"
					}
				},
				"@jimp/plugin-contain": {
					"version": "0.9.6",
					"resolved": "https://registry.npmjs.org/@jimp/plugin-contain/-/plugin-contain-0.9.6.tgz",
					"integrity": "sha512-Xz467EN1I104yranET4ff1ViVKMtwKLg1uRe8j3b5VOrjtiXpDbjirNZjP3HTlv8IEUreWNz4BK7ZtfHSptufA==",
					"requires": {
						"@babel/runtime": "^7.7.2",
						"@jimp/utils": "^0.9.6",
						"core-js": "^3.4.1"
					}
				},
				"@jimp/plugin-cover": {
					"version": "0.9.6",
					"resolved": "https://registry.npmjs.org/@jimp/plugin-cover/-/plugin-cover-0.9.6.tgz",
					"integrity": "sha512-Ocr27AvtvH4ZT/9EWZgT3+HQV9fG5njwh2CYMHbdpx09O62Asj6pZ4QI0kKzOcux1oLgv59l7a93pEfMOfkfwQ==",
					"requires": {
						"@babel/runtime": "^7.7.2",
						"@jimp/utils": "^0.9.6",
						"core-js": "^3.4.1"
					}
				},
				"@jimp/plugin-crop": {
					"version": "0.9.6",
					"resolved": "https://registry.npmjs.org/@jimp/plugin-crop/-/plugin-crop-0.9.6.tgz",
					"integrity": "sha512-d9rNdmz3+eYLbSKcTyyp+b8Nmhf6HySnimDXlTej4UP6LDtkq2VAyVaJ12fz9x6dfd8qcXOBXMozSfNCcgpXYA==",
					"requires": {
						"@babel/runtime": "^7.7.2",
						"@jimp/utils": "^0.9.6",
						"core-js": "^3.4.1"
					}
				},
				"@jimp/plugin-displace": {
					"version": "0.9.6",
					"resolved": "https://registry.npmjs.org/@jimp/plugin-displace/-/plugin-displace-0.9.6.tgz",
					"integrity": "sha512-SWpbrxiHmUYBVWtDDMjaG3eRDBASrTPaad7l07t73/+kmU6owAKWQW6KtVs05MYSJgXz7Ggdr0fhEn9AYLH1Rg==",
					"requires": {
						"@babel/runtime": "^7.7.2",
						"@jimp/utils": "^0.9.6",
						"core-js": "^3.4.1"
					}
				},
				"@jimp/plugin-dither": {
					"version": "0.9.6",
					"resolved": "https://registry.npmjs.org/@jimp/plugin-dither/-/plugin-dither-0.9.6.tgz",
					"integrity": "sha512-abm1GjfYK7ru/PoxH9fAUmhl+meHhGEClbVvjjMMe5g2S0BSTvMJl3SrkQD/FMkRLniaS/Qci6aQhIi+8rZmSw==",
					"requires": {
						"@babel/runtime": "^7.7.2",
						"@jimp/utils": "^0.9.6",
						"core-js": "^3.4.1"
					}
				},
				"@jimp/plugin-flip": {
					"version": "0.9.6",
					"resolved": "https://registry.npmjs.org/@jimp/plugin-flip/-/plugin-flip-0.9.6.tgz",
					"integrity": "sha512-KFZTzAzQQ5bct3ii7gysOhWrTKVdUOghkkoSzLi+14nO3uS/dxiu8fPeH1m683ligbdnuM/b22OuLwEwrboTHA==",
					"requires": {
						"@babel/runtime": "^7.7.2",
						"@jimp/utils": "^0.9.6",
						"core-js": "^3.4.1"
					}
				},
				"@jimp/plugin-gaussian": {
					"version": "0.9.6",
					"resolved": "https://registry.npmjs.org/@jimp/plugin-gaussian/-/plugin-gaussian-0.9.6.tgz",
					"integrity": "sha512-WXKLtJKWchXfWHT5HIOq1HkPKpbH7xBLWPgVRxw00NV/6I8v4xT63A7/Nag78m00JgjwwiE7eK2tLGDbbrPYig==",
					"requires": {
						"@babel/runtime": "^7.7.2",
						"@jimp/utils": "^0.9.6",
						"core-js": "^3.4.1"
					}
				},
				"@jimp/plugin-invert": {
					"version": "0.9.6",
					"resolved": "https://registry.npmjs.org/@jimp/plugin-invert/-/plugin-invert-0.9.6.tgz",
					"integrity": "sha512-Pab/cupZrYxeRp07N4L5a4C/3ksTN9k6Knm/o2G5C789OF0rYsGGLcnBR/6h69nPizRZHBYdXCEyXYgujlIFiw==",
					"requires": {
						"@babel/runtime": "^7.7.2",
						"@jimp/utils": "^0.9.6",
						"core-js": "^3.4.1"
					}
				},
				"@jimp/plugin-mask": {
					"version": "0.9.6",
					"resolved": "https://registry.npmjs.org/@jimp/plugin-mask/-/plugin-mask-0.9.6.tgz",
					"integrity": "sha512-ikypRoDJkbxXlo6gW+EZOcTiLDIt0DrPwOFMt1bvL8UV2QPgX+GJ685IYwhIfEhBf/GSNFgB/NYsVvuSufTGeg==",
					"requires": {
						"@babel/runtime": "^7.7.2",
						"@jimp/utils": "^0.9.6",
						"core-js": "^3.4.1"
					}
				},
				"@jimp/plugin-normalize": {
					"version": "0.9.6",
					"resolved": "https://registry.npmjs.org/@jimp/plugin-normalize/-/plugin-normalize-0.9.6.tgz",
					"integrity": "sha512-V3GeuAJ1NeL7qsLoDjnypJq24RWDCwbXpKhtxB+Yg9zzgOCkmb041p7ysxbcpkuJsRpKLNABZeNCCqd83bRawA==",
					"requires": {
						"@babel/runtime": "^7.7.2",
						"@jimp/utils": "^0.9.6",
						"core-js": "^3.4.1"
					}
				},
				"@jimp/plugin-print": {
					"version": "0.9.6",
					"resolved": "https://registry.npmjs.org/@jimp/plugin-print/-/plugin-print-0.9.6.tgz",
					"integrity": "sha512-gKkqZZPQtMSufHOL0mtJm5d/KI2O6+0kUpOBVSYdGedtPXA61kmVnsOd3wwajIMlXA3E0bDxLXLdAguWqjjGgw==",
					"requires": {
						"@babel/runtime": "^7.7.2",
						"@jimp/utils": "^0.9.6",
						"core-js": "^3.4.1",
						"load-bmfont": "^1.4.0"
					}
				},
				"@jimp/plugin-resize": {
					"version": "0.9.6",
					"resolved": "https://registry.npmjs.org/@jimp/plugin-resize/-/plugin-resize-0.9.6.tgz",
					"integrity": "sha512-r5wJcVII7ZWMuY2l6WSbHPG6gKMFemtCHmJRXGUu+/ZhPGBz3IFluycBpHkWW3OB+jfvuyv1EGQWHU50N1l8Og==",
					"requires": {
						"@babel/runtime": "^7.7.2",
						"@jimp/utils": "^0.9.6",
						"core-js": "^3.4.1"
					}
				},
				"@jimp/plugin-rotate": {
					"version": "0.9.6",
					"resolved": "https://registry.npmjs.org/@jimp/plugin-rotate/-/plugin-rotate-0.9.6.tgz",
					"integrity": "sha512-B2nm/eO2nbvn1DgmnzMd79yt3V6kffhRNrKoo2VKcKFiVze1vGP3MD3fVyw5U1PeqwAFu7oTICFnCf9wKDWSqg==",
					"requires": {
						"@babel/runtime": "^7.7.2",
						"@jimp/utils": "^0.9.6",
						"core-js": "^3.4.1"
					}
				},
				"@jimp/plugin-scale": {
					"version": "0.9.6",
					"resolved": "https://registry.npmjs.org/@jimp/plugin-scale/-/plugin-scale-0.9.6.tgz",
					"integrity": "sha512-DLsLB5S3mh9+TZY5ycwfLgOJvUcoS7bP0Mi3I8vE1J91qmA+TXoWFFgrIVgnEPw5jSKzNTt8WhykQ0x2lKXncw==",
					"requires": {
						"@babel/runtime": "^7.7.2",
						"@jimp/utils": "^0.9.6",
						"core-js": "^3.4.1"
					}
				},
				"@jimp/plugins": {
					"version": "0.9.6",
					"resolved": "https://registry.npmjs.org/@jimp/plugins/-/plugins-0.9.6.tgz",
					"integrity": "sha512-eQI29e+K+3L/fb5GbPgsBdoftvaYetSOO2RL5z+Gjk6R4EF4QFRo63YcFl+f72Kc1b0JTOoDxClvn/s5GMV0tg==",
					"requires": {
						"@babel/runtime": "^7.7.2",
						"@jimp/plugin-blit": "^0.9.6",
						"@jimp/plugin-blur": "^0.9.6",
						"@jimp/plugin-color": "^0.9.6",
						"@jimp/plugin-contain": "^0.9.6",
						"@jimp/plugin-cover": "^0.9.6",
						"@jimp/plugin-crop": "^0.9.6",
						"@jimp/plugin-displace": "^0.9.6",
						"@jimp/plugin-dither": "^0.9.6",
						"@jimp/plugin-flip": "^0.9.6",
						"@jimp/plugin-gaussian": "^0.9.6",
						"@jimp/plugin-invert": "^0.9.6",
						"@jimp/plugin-mask": "^0.9.6",
						"@jimp/plugin-normalize": "^0.9.6",
						"@jimp/plugin-print": "^0.9.6",
						"@jimp/plugin-resize": "^0.9.6",
						"@jimp/plugin-rotate": "^0.9.6",
						"@jimp/plugin-scale": "^0.9.6",
						"core-js": "^3.4.1",
						"timm": "^1.6.1"
					}
				},
				"@jimp/png": {
					"version": "0.9.6",
					"resolved": "https://registry.npmjs.org/@jimp/png/-/png-0.9.6.tgz",
					"integrity": "sha512-9vhOG2xylcDqPbBf4lzpa2Sa1WNJrEZNGvPvWcM+XVhqYa8+DJBLYkoBlpI/qWIYA+eVWDnLF3ygtGj8CElICw==",
					"requires": {
						"@babel/runtime": "^7.7.2",
						"@jimp/utils": "^0.9.6",
						"core-js": "^3.4.1",
						"pngjs": "^3.3.3"
					}
				},
				"@jimp/tiff": {
					"version": "0.9.6",
					"resolved": "https://registry.npmjs.org/@jimp/tiff/-/tiff-0.9.6.tgz",
					"integrity": "sha512-pKKEMqPzX9ak8mek2iVVoW34+h/TSWUyI4NjbYWJMQ2WExfuvEJvLocy9Q9xi6HqRuJmUxgNIiC5iZM1PDEEfg==",
					"requires": {
						"@babel/runtime": "^7.7.2",
						"core-js": "^3.4.1",
						"utif": "^2.0.1"
					}
				},
				"@jimp/types": {
					"version": "0.9.6",
					"resolved": "https://registry.npmjs.org/@jimp/types/-/types-0.9.6.tgz",
					"integrity": "sha512-PSjdbLZ8d50En+Wf1XkWFfrXaf/GqyrxxgIwFWPbL+wrW4pmbYovfxSLCY61s8INsOFOft9dzzllhLBtg1aQ6A==",
					"requires": {
						"@babel/runtime": "^7.7.2",
						"@jimp/bmp": "^0.9.6",
						"@jimp/gif": "^0.9.6",
						"@jimp/jpeg": "^0.9.6",
						"@jimp/png": "^0.9.6",
						"@jimp/tiff": "^0.9.6",
						"core-js": "^3.4.1",
						"timm": "^1.6.1"
					}
				},
				"@jimp/utils": {
					"version": "0.9.6",
					"resolved": "https://registry.npmjs.org/@jimp/utils/-/utils-0.9.6.tgz",
					"integrity": "sha512-kzxcp0i4ecSdMXFEmtH+NYdBQysINEUTsrjm7v0zH8t/uwaEMOG46I16wo/iPBXJkUeNdL2rbXoGoxxoeSfrrA==",
					"requires": {
						"@babel/runtime": "^7.7.2",
						"core-js": "^3.4.1"
					}
				},
				"any-base": {
					"version": "1.1.0",
					"resolved": "https://registry.npmjs.org/any-base/-/any-base-1.1.0.tgz",
					"integrity": "sha512-uMgjozySS8adZZYePpaWs8cxB9/kdzmpX6SgJZ+wbz1K5eYk5QMYDVJaZKhxyIHUdnnJkfR7SVgStgH7LkGUyg=="
				},
				"base64-js": {
					"version": "1.3.1",
					"resolved": "https://registry.npmjs.org/base64-js/-/base64-js-1.3.1.tgz",
					"integrity": "sha512-mLQ4i2QO1ytvGWFWmcngKO//JXAQueZvwEKtjgQFM4jIK0kU+ytMfplL8j+n5mspOfjHwoAg+9yhb7BwAHm36g=="
				},
				"bmp-js": {
					"version": "0.1.0",
					"resolved": "https://registry.npmjs.org/bmp-js/-/bmp-js-0.1.0.tgz",
					"integrity": "sha1-4Fpj95amwf8l9Hcex62twUjAcjM="
				},
				"buffer": {
					"version": "5.5.0",
					"resolved": "https://registry.npmjs.org/buffer/-/buffer-5.5.0.tgz",
					"integrity": "sha512-9FTEDjLjwoAkEwyMGDjYJQN2gfRgOKBKRfiglhvibGbpeeU/pQn1bJxQqm32OD/AIeEuHxU9roxXxg34Byp/Ww==",
					"requires": {
						"base64-js": "^1.0.2",
						"ieee754": "^1.1.4"
					}
				},
				"buffer-equal": {
					"version": "0.0.1",
					"resolved": "https://registry.npmjs.org/buffer-equal/-/buffer-equal-0.0.1.tgz",
					"integrity": "sha1-kbx0sR6kBbyRa8aqkI+q+ltKrEs="
				},
				"core-js": {
					"version": "3.6.4",
					"resolved": "https://registry.npmjs.org/core-js/-/core-js-3.6.4.tgz",
					"integrity": "sha512-4paDGScNgZP2IXXilaffL9X7968RuvwlkK3xWtZRVqgd8SYNiVKRJvkFd1aqqEuPfN7E68ZHEp9hDj6lHj4Hyw=="
				},
				"dom-walk": {
					"version": "0.1.1",
					"resolved": "https://registry.npmjs.org/dom-walk/-/dom-walk-0.1.1.tgz",
					"integrity": "sha1-ZyIm3HTI95mtNTB9+TaroRrNYBg="
				},
				"exif-parser": {
					"version": "0.1.12",
					"resolved": "https://registry.npmjs.org/exif-parser/-/exif-parser-0.1.12.tgz",
					"integrity": "sha1-WKnS1ywCwfbwKg70qRZicrd2CSI="
				},
				"file-type": {
					"version": "9.0.0",
					"resolved": "https://registry.npmjs.org/file-type/-/file-type-9.0.0.tgz",
					"integrity": "sha512-Qe/5NJrgIOlwijpq3B7BEpzPFcgzggOTagZmkXQY4LA6bsXKTUstK7Wp12lEJ/mLKTpvIZxmIuRcLYWT6ov9lw=="
				},
				"global": {
					"version": "4.3.2",
					"resolved": "https://registry.npmjs.org/global/-/global-4.3.2.tgz",
					"integrity": "sha1-52mJJopsdMOJCLEwWxD8DjlOnQ8=",
					"requires": {
						"min-document": "^2.19.0",
						"process": "~0.5.1"
					}
				},
				"ieee754": {
					"version": "1.1.13",
					"resolved": "https://registry.npmjs.org/ieee754/-/ieee754-1.1.13.tgz",
					"integrity": "sha512-4vf7I2LYV/HaWerSo3XmlMkp5eZ83i+/CDluXi/IGTs/O1sejBNhTtnxzmRZfvOUqj7lZjqHkeTvpgSFDlWZTg=="
				},
				"is-function": {
					"version": "1.0.1",
					"resolved": "https://registry.npmjs.org/is-function/-/is-function-1.0.1.tgz",
					"integrity": "sha1-Es+5i2W1fdPRk6MSH19uL0N2ArU="
				},
				"jpeg-js": {
					"version": "0.3.7",
					"resolved": "https://registry.npmjs.org/jpeg-js/-/jpeg-js-0.3.7.tgz",
					"integrity": "sha512-9IXdWudL61npZjvLuVe/ktHiA41iE8qFyLB+4VDTblEsWBzeg8WQTlktdUK4CdncUqtUgUg0bbOmTE2bKBKaBQ=="
				},
				"load-bmfont": {
					"version": "1.4.0",
					"resolved": "https://registry.npmjs.org/load-bmfont/-/load-bmfont-1.4.0.tgz",
					"integrity": "sha512-kT63aTAlNhZARowaNYcY29Fn/QYkc52M3l6V1ifRcPewg2lvUZDAj7R6dXjOL9D0sict76op3T5+odumDSF81g==",
					"requires": {
						"buffer-equal": "0.0.1",
						"mime": "^1.3.4",
						"parse-bmfont-ascii": "^1.0.3",
						"parse-bmfont-binary": "^1.0.5",
						"parse-bmfont-xml": "^1.1.4",
						"phin": "^2.9.1",
						"xhr": "^2.0.1",
						"xtend": "^4.0.0"
					}
				},
				"mime": {
					"version": "1.6.0",
					"resolved": "https://registry.npmjs.org/mime/-/mime-1.6.0.tgz",
					"integrity": "sha512-x0Vn8spI+wuJ1O6S7gnbaQg8Pxh4NNHb7KSINmEWKiPE4RKOplvijn+NkmYmmRgP68mc70j2EbeTFRsrswaQeg=="
				},
				"min-document": {
					"version": "2.19.0",
					"resolved": "https://registry.npmjs.org/min-document/-/min-document-2.19.0.tgz",
					"integrity": "sha1-e9KC4/WELtKVu3SM3Z8f+iyCRoU=",
					"requires": {
						"dom-walk": "^0.1.0"
					}
				},
				"minimist": {
					"version": "1.2.5",
					"resolved": "https://registry.npmjs.org/minimist/-/minimist-1.2.5.tgz",
					"integrity": "sha512-FM9nNUYrRBAELZQT3xeZQ7fmMOBg6nWNmJKTcgsJeaLstP/UODVpGsr5OhXhhXg6f+qtJ8uiZ+PUxkDWcgIXLw=="
				},
				"mkdirp": {
					"version": "0.5.4",
					"resolved": "https://registry.npmjs.org/mkdirp/-/mkdirp-0.5.4.tgz",
					"integrity": "sha512-iG9AK/dJLtJ0XNgTuDbSyNS3zECqDlAhnQW4CsNxBG3LQJBbHmRX1egw39DmtOdCAqY+dKXV+sgPgilNWUKMVw==",
					"requires": {
						"minimist": "^1.2.5"
					}
				},
				"omggif": {
					"version": "1.0.10",
					"resolved": "https://registry.npmjs.org/omggif/-/omggif-1.0.10.tgz",
					"integrity": "sha512-LMJTtvgc/nugXj0Vcrrs68Mn2D1r0zf630VNtqtpI1FEO7e+O9FP4gqs9AcnBaSEeoHIPm28u6qgPR0oyEpGSw=="
				},
				"pako": {
					"version": "1.0.11",
					"resolved": "https://registry.npmjs.org/pako/-/pako-1.0.11.tgz",
					"integrity": "sha512-4hLB8Py4zZce5s4yd9XzopqwVv/yGNhV1Bl8NTmCq1763HeK2+EwVTv+leGeL13Dnh2wfbqowVPXCIO0z4taYw=="
				},
				"parse-bmfont-ascii": {
					"version": "1.0.6",
					"resolved": "https://registry.npmjs.org/parse-bmfont-ascii/-/parse-bmfont-ascii-1.0.6.tgz",
					"integrity": "sha1-Eaw8P/WPfCAgqyJ2kHkQjU36AoU="
				},
				"parse-bmfont-binary": {
					"version": "1.0.6",
					"resolved": "https://registry.npmjs.org/parse-bmfont-binary/-/parse-bmfont-binary-1.0.6.tgz",
					"integrity": "sha1-0Di0dtPp3Z2x4RoLDlOiJ5K2kAY="
				},
				"parse-bmfont-xml": {
					"version": "1.1.4",
					"resolved": "https://registry.npmjs.org/parse-bmfont-xml/-/parse-bmfont-xml-1.1.4.tgz",
					"integrity": "sha512-bjnliEOmGv3y1aMEfREMBJ9tfL3WR0i0CKPj61DnSLaoxWR3nLrsQrEbCId/8rF4NyRF0cCqisSVXyQYWM+mCQ==",
					"requires": {
						"xml-parse-from-string": "^1.0.0",
						"xml2js": "^0.4.5"
					}
				},
				"parse-headers": {
					"version": "2.0.3",
					"resolved": "https://registry.npmjs.org/parse-headers/-/parse-headers-2.0.3.tgz",
					"integrity": "sha512-QhhZ+DCCit2Coi2vmAKbq5RGTRcQUOE2+REgv8vdyu7MnYx2eZztegqtTx99TZ86GTIwqiy3+4nQTWZ2tgmdCA=="
				},
				"phin": {
					"version": "2.9.3",
					"resolved": "https://registry.npmjs.org/phin/-/phin-2.9.3.tgz",
					"integrity": "sha512-CzFr90qM24ju5f88quFC/6qohjC144rehe5n6DH900lgXmUe86+xCKc10ev56gRKC4/BkHUoG4uSiQgBiIXwDA=="
				},
				"pixelmatch": {
					"version": "4.0.2",
					"resolved": "https://registry.npmjs.org/pixelmatch/-/pixelmatch-4.0.2.tgz",
					"integrity": "sha1-j0fc7FARtHe2fbA8JDvB8wheiFQ=",
					"requires": {
						"pngjs": "^3.0.0"
					}
				},
				"pngjs": {
					"version": "3.4.0",
					"resolved": "https://registry.npmjs.org/pngjs/-/pngjs-3.4.0.tgz",
					"integrity": "sha512-NCrCHhWmnQklfH4MtJMRjZ2a8c80qXeMlQMv2uVp9ISJMTt562SbGd6n2oq0PaPgKm7Z6pL9E2UlLIhC+SHL3w=="
				},
				"process": {
					"version": "0.5.2",
					"resolved": "https://registry.npmjs.org/process/-/process-0.5.2.tgz",
					"integrity": "sha1-FjjYqONML0QKkduVq5rrZ3/Bhc8="
				},
				"regenerator-runtime": {
					"version": "0.13.5",
					"resolved": "https://registry.npmjs.org/regenerator-runtime/-/regenerator-runtime-0.13.5.tgz",
					"integrity": "sha512-ZS5w8CpKFinUzOwW3c83oPeVXoNsrLsaCoLtJvAClH135j/R77RuymhiSErhm2lKcwSCIpmvIWSbDkIfAqKQlA=="
				},
				"sax": {
					"version": "1.2.4",
					"resolved": "https://registry.npmjs.org/sax/-/sax-1.2.4.tgz",
					"integrity": "sha512-NqVDv9TpANUjFm0N8uM5GxL36UgKi9/atZw+x7YFnQ8ckwFGKrl4xX4yWtrey3UJm5nP1kUbnYgLopqWNSRhWw=="
				},
				"timm": {
					"version": "1.6.2",
					"resolved": "https://registry.npmjs.org/timm/-/timm-1.6.2.tgz",
					"integrity": "sha512-IH3DYDL1wMUwmIlVmMrmesw5lZD6N+ZOAFWEyLrtpoL9Bcrs9u7M/vyOnHzDD2SMs4irLkVjqxZbHrXStS/Nmw=="
				},
				"tinycolor2": {
					"version": "1.4.1",
					"resolved": "https://registry.npmjs.org/tinycolor2/-/tinycolor2-1.4.1.tgz",
					"integrity": "sha1-9PrTM0R7wLB9TcjpIJ2POaisd+g="
				},
				"utif": {
					"version": "2.0.1",
					"resolved": "https://registry.npmjs.org/utif/-/utif-2.0.1.tgz",
					"integrity": "sha512-Z/S1fNKCicQTf375lIP9G8Sa1H/phcysstNrrSdZKj1f9g58J4NMgb5IgiEZN9/nLMPDwF0W7hdOe9Qq2IYoLg==",
					"requires": {
						"pako": "^1.0.5"
					}
				},
				"xhr": {
					"version": "2.5.0",
					"resolved": "https://registry.npmjs.org/xhr/-/xhr-2.5.0.tgz",
					"integrity": "sha512-4nlO/14t3BNUZRXIXfXe+3N6w3s1KoxcJUUURctd64BLRe67E4gRwp4PjywtDY72fXpZ1y6Ch0VZQRY/gMPzzQ==",
					"requires": {
						"global": "~4.3.0",
						"is-function": "^1.0.1",
						"parse-headers": "^2.0.0",
						"xtend": "^4.0.0"
					}
				},
				"xml-parse-from-string": {
					"version": "1.0.1",
					"resolved": "https://registry.npmjs.org/xml-parse-from-string/-/xml-parse-from-string-1.0.1.tgz",
					"integrity": "sha1-qQKekp09vN7RafPG4oI42VpdWig="
				},
				"xml2js": {
					"version": "0.4.23",
					"resolved": "https://registry.npmjs.org/xml2js/-/xml2js-0.4.23.tgz",
					"integrity": "sha512-ySPiMjM0+pLDftHgXY4By0uswI3SPKLDw/i3UXbnO8M/p28zqexCUoPmQFrYD+/1BzhGJSs2i1ERWKJAtiLrug==",
					"requires": {
						"sax": ">=0.6.0",
						"xmlbuilder": "~11.0.0"
					}
				},
				"xmlbuilder": {
					"version": "11.0.1",
					"resolved": "https://registry.npmjs.org/xmlbuilder/-/xmlbuilder-11.0.1.tgz",
					"integrity": "sha512-fDlsI/kFEx7gLvbecc0/ohLG50fugQp8ryHzMTuW9vSa1GJ0XYWKnhsUx7oie3G98+r56aTQIUB4kht42R3JvA=="
				},
				"xtend": {
					"version": "4.0.2",
					"resolved": "https://registry.npmjs.org/xtend/-/xtend-4.0.2.tgz",
					"integrity": "sha512-LKYU1iAXJXUgAXn9URjiu+MWhyUXHsvfp7mcuYm9dSUKK0/CjtrUwFAxD82/mCWbtLsGjFIad0wIsod4zrTAEQ=="
				}
			}
		}
	}
}
